
Microsoft Visual Studio Solution File, Format Version 12.00
# Visual Studio Version 17
VisualStudioVersion = 17.10.35122.118
MinimumVisualStudioVersion = 10.0.40219.1
Project("{FAE04EC0-301F-11D3-BF4B-00C04F79EFBC}") = "Newtonsoft", "Newtonsoft.csproj", "{D3938576-1FDD-47C5-94C0-A95028CB7E26}"
EndProject
Global
	GlobalSection(SolutionConfigurationPlatforms) = preSolution
		Debug|Any CPU = Debug|Any CPU
		Release|Any CPU = Release|Any CPU
	EndGlobalSection
	GlobalSection(ProjectConfigurationPlatforms) = postSolution
		{D3938576-1FDD-47C5-94C0-A95028CB7E26}.Debug|Any CPU.ActiveCfg = Debug|Any CPU
		{D3938576-1FDD-47C5-94C0-A95028CB7E26}.Debug|Any CPU.Build.0 = Debug|Any CPU
		{D3938576-1FDD-47C5-94C0-A95028CB7E26}.Release|Any CPU.ActiveCfg = Release|Any CPU
		{D3938576-1FDD-47C5-94C0-A95028CB7E26}.Release|Any CPU.Build.0 = Release|Any CPU
	EndGlobalSection
	GlobalSection(SolutionProperties) = preSolution
		HideSolutionNode = FALSE
	EndGlobalSection
	GlobalSection(ExtensibilityGlobals) = postSolution
		SolutionGuid = {0777E2A4-1720-4B42-ADAD-BD1D4E0A9702}
	EndGlobalSection
EndGlobal
